
Microsoft Visual Studio Solution File, Format Version 12.00
# Visual Studio 15
VisualStudioVersion = 15.0.28307.136
MinimumVisualStudioVersion = 10.0.40219.1
Project("{FAE04EC0-301F-11D3-BF4B-00C04F79EFBC}") = "SimpleCalculator", "SimpleCalculator\SimpleCalculator.csproj", "{DD556E9F-D823-47BA-BD4D-BAEE8163E950}"
EndProject
Global
	GlobalSection(SolutionConfigurationPlatforms) = preSolution
		Debug|Any CPU = Debug|Any CPU
		Release|Any CPU = Release|Any CPU
	EndGlobalSection
	GlobalSection(ProjectConfigurationPlatforms) = postSolution
		{DD556E9F-D823-47BA-BD4D-BAEE8163E950}.Debug|Any CPU.ActiveCfg = Debug|Any CPU
		{DD556E9F-D823-47BA-BD4D-BAEE8163E950}.Debug|Any CPU.Build.0 = Debug|Any CPU
		{DD556E9F-D823-47BA-BD4D-BAEE8163E950}.Release|Any CPU.ActiveCfg = Release|Any CPU
		{DD556E9F-D823-47BA-BD4D-BAEE8163E950}.Release|Any CPU.Build.0 = Release|Any CPU
	EndGlobalSection
	GlobalSection(SolutionProperties) = preSolution
		HideSolutionNode = FALSE
	EndGlobalSection
	GlobalSection(ExtensibilityGlobals) = postSolution
		SolutionGuid = {137C74E3-F32D-4DB6-9692-968E22E4DBDA}
	EndGlobalSection
EndGlobal
